
Microsoft Visual Studio Solution File, Format Version 12.00
Project("{FAE04EC0-301F-11D3-BF4B-00C04F79EFBC}") = "VikoSoft", "VikoSoft.csproj", "{832A562A-6477-460D-A11D-2BDEE087DB72}"
EndProject
Global
	GlobalSection(SolutionConfigurationPlatforms) = preSolution
		Debug|Any CPU = Debug|Any CPU
		Release|Any CPU = Release|Any CPU
	EndGlobalSection
	GlobalSection(ProjectConfigurationPlatforms) = postSolution
		{832A562A-6477-460D-A11D-2BDEE087DB72}.Debug|Any CPU.ActiveCfg = Debug|Any CPU
		{832A562A-6477-460D-A11D-2BDEE087DB72}.Debug|Any CPU.Build.0 = Debug|Any CPU
		{832A562A-6477-460D-A11D-2BDEE087DB72}.Release|Any CPU.ActiveCfg = Release|Any CPU
		{832A562A-6477-460D-A11D-2BDEE087DB72}.Release|Any CPU.Build.0 = Release|Any CPU
	EndGlobalSection
EndGlobal
